{
  "lockfileVersion": 2,
  "configVersion": 1,
  "workspaces": {
    "": {
      "name": "pi-outline-read-extension",
      "dependencies": {
        "diff": "^8",
        "tree-sitter-go": "^0.25.0",
        "tree-sitter-java": "^0.23.5",
        "tree-sitter-javascript": "^0.25.0",
        "tree-sitter-python": "^0.25.0",
        "tree-sitter-rust": "^0.24.0",
        "tree-sitter-typescript": "^0.23.2",
        "typescript": "5",
        "web-tree-sitter": "^0.26.10",
      },
    },
  },
  "packages": {
    "diff": ["diff@8.0.4", "", {}, "sha512-DPi0FmjiSU5EvQV0++GFDOJ9ASQUVFh5kD+OzOnYdi7n3Wpm9hWWGfB/O2blfHcMVTL5WkQXSnRiK9makhrcnw=="],

    "node-addon-api": ["node-addon-api@8.9.2", "", {}, "sha512-VijLXbi3UACN69I0JVXJsX4tjACjNoQDgv2gTF6sx2wWEi8tkSg2eX8p5gSIFi8z2+DL3oHmY6OyKce38SDolg=="],

    "node-gyp-build": ["node-gyp-build@4.8.4", "", { "bin": { "node-gyp-build": "bin.js", "node-gyp-build-optional": "optional.js", "node-gyp-build-test": "build-test.js" } }, "sha512-LA4ZjwlnUblHVgq0oBF3Jl/6h/Nvs5fzBLwdEF4nuxnFdsfajde4WfxtJr3CaiH+F6ewcIB/q4jQ4UzPyid+CQ=="],

    "tree-sitter-go": ["tree-sitter-go@0.25.0", "", { "dependencies": { "node-addon-api": "^8.3.1", "node-gyp-build": "^4.8.4" }, "peerDependencies": { "tree-sitter": "^0.25.0" }, "optionalPeers": ["tree-sitter"] }, "sha512-APBc/Dq3xz/e35Xpkhb1blu5UgW+2E3RyGWawZSCNcbGwa7jhSQPS8KsUupuzBla8PCo8+lz9W/JDJjmfRa2tw=="],

    "tree-sitter-java": ["tree-sitter-java@0.23.5", "", { "dependencies": { "node-addon-api": "^8.2.2", "node-gyp-build": "^4.8.2" }, "peerDependencies": { "tree-sitter": "^0.21.1" }, "optionalPeers": ["tree-sitter"] }, "sha512-Yju7oQ0Xx7GcUT01mUglPP+bYfvqjNCGdxqigTnew9nLGoII42PNVP3bHrYeMxswiCRM0yubWmN5qk+zsg0zMA=="],

    "tree-sitter-javascript": ["tree-sitter-javascript@0.25.0", "", { "dependencies": { "node-addon-api": "^8.3.1", "node-gyp-build": "^4.8.4" }, "peerDependencies": { "tree-sitter": "^0.25.0" }, "optionalPeers": ["tree-sitter"] }, "sha512-1fCbmzAskZkxcZzN41sFZ2br2iqTYP3tKls1b/HKGNPQUVOpsUxpmGxdN/wMqAk3jYZnYBR1dd/y/0avMeU7dw=="],

    "tree-sitter-python": ["tree-sitter-python@0.25.0", "", { "dependencies": { "node-addon-api": "^8.5.0", "node-gyp-build": "^4.8.4" }, "peerDependencies": { "tree-sitter": "^0.25.0" }, "optionalPeers": ["tree-sitter"] }, "sha512-eCmJx6zQa35GxaCtQD+wXHOhYqBxEL+bp71W/s3fcDMu06MrtzkVXR437dRrCrbrDbyLuUDJpAgycs7ncngLXw=="],

    "tree-sitter-rust": ["tree-sitter-rust@0.24.0", "", { "dependencies": { "node-addon-api": "^8.2.2", "node-gyp-build": "^4.8.4" }, "peerDependencies": { "tree-sitter": "^0.22.1" }, "optionalPeers": ["tree-sitter"] }, "sha512-NWemUDf629Tfc90Y0Z55zuwPCAHkLxWnMf2RznYu4iBkkrQl2o/CHGB7Cr52TyN5F1DAx8FmUnDtCy9iUkXZEQ=="],

    "tree-sitter-typescript": ["tree-sitter-typescript@0.23.2", "", { "dependencies": { "node-addon-api": "^8.2.2", "node-gyp-build": "^4.8.2", "tree-sitter-javascript": "^0.23.1" }, "peerDependencies": { "tree-sitter": "^0.21.0" }, "optionalPeers": ["tree-sitter"] }, "sha512-e04JUUKxTT53/x3Uq1zIL45DoYKVfHH4CZqwgZhPg5qYROl5nQjV+85ruFzFGZxu+QeFVbRTPDRnqL9UbU4VeA=="],

    "typescript": ["typescript@5.9.3", "", { "bin": { "tsc": "bin/tsc", "tsserver": "bin/tsserver" } }, "sha512-jl1vZzPDinLr9eUt3J/t7V6FgNEw9QjvBPdysz9KfQDD41fQrC2Y4vKQdiaUpFT4bXlb1RHhLpp8wtm6M5TgSw=="],

    "web-tree-sitter": ["web-tree-sitter@0.26.13", "", {}, "sha512-5bUZ7vbQ1kcondet96wzP974+JfCZDeQ7bTpacICm2nnvHpa5cO0ByRsoMcAhUP+743vpkb4m0BFlVSm+Ye9VA=="],

    "tree-sitter-typescript/tree-sitter-javascript": ["tree-sitter-javascript@0.23.1", "", { "dependencies": { "node-addon-api": "^8.2.2", "node-gyp-build": "^4.8.2" }, "peerDependencies": { "tree-sitter": "^0.21.1" }, "optionalPeers": ["tree-sitter"] }, "sha512-/bnhbrTD9frUYHQTiYnPcxyHORIw157ERBa6dqzaKxvR/x3PC4Yzd+D1pZIMS6zNg2v3a8BZ0oK7jHqsQo9fWA=="],
  }
}
